
Microsoft Visual Studio Solution File, Format Version 12.00
# Visual Studio Version 17
VisualStudioVersion = 17.4.33213.308
MinimumVisualStudioVersion = 10.0.40219.1
Project("{FAE04EC0-301F-11D3-BF4B-00C04F79EFBC}") = "lab6_NET", "lab6_NET\lab6_NET.csproj", "{68F1066F-F9DA-4C27-A20C-189B59A0A97E}"
EndProject
Global
	GlobalSection(SolutionConfigurationPlatforms) = preSolution
		Debug|Any CPU = Debug|Any CPU
		Release|Any CPU = Release|Any CPU
	EndGlobalSection
	GlobalSection(ProjectConfigurationPlatforms) = postSolution
		{68F1066F-F9DA-4C27-A20C-189B59A0A97E}.Debug|Any CPU.ActiveCfg = Debug|Any CPU
		{68F1066F-F9DA-4C27-A20C-189B59A0A97E}.Debug|Any CPU.Build.0 = Debug|Any CPU
		{68F1066F-F9DA-4C27-A20C-189B59A0A97E}.Release|Any CPU.ActiveCfg = Release|Any CPU
		{68F1066F-F9DA-4C27-A20C-189B59A0A97E}.Release|Any CPU.Build.0 = Release|Any CPU
	EndGlobalSection
	GlobalSection(SolutionProperties) = preSolution
		HideSolutionNode = FALSE
	EndGlobalSection
	GlobalSection(ExtensibilityGlobals) = postSolution
		SolutionGuid = {37362C83-4886-4CD1-B924-89F2F403EB8C}
	EndGlobalSection
EndGlobal
